
Microsoft Visual Studio Solution File, Format Version 12.00
# Visual Studio Version 17
VisualStudioVersion = 17.5.002.0
MinimumVisualStudioVersion = 10.0.40219.1
Project("{9A19103F-16F7-4668-BE54-9A1E7A4F7556}") = "todo-list-api", "todo-list-api.csproj", "{867BFBEB-E674-414A-8B85-4E14622AF98D}"
EndProject
Global
	GlobalSection(SolutionConfigurationPlatforms) = preSolution
		Debug|Any CPU = Debug|Any CPU
		Release|Any CPU = Release|Any CPU
	EndGlobalSection
	GlobalSection(ProjectConfigurationPlatforms) = postSolution
		{867BFBEB-E674-414A-8B85-4E14622AF98D}.Debug|Any CPU.ActiveCfg = Debug|Any CPU
		{867BFBEB-E674-414A-8B85-4E14622AF98D}.Debug|Any CPU.Build.0 = Debug|Any CPU
		{867BFBEB-E674-414A-8B85-4E14622AF98D}.Release|Any CPU.ActiveCfg = Release|Any CPU
		{867BFBEB-E674-414A-8B85-4E14622AF98D}.Release|Any CPU.Build.0 = Release|Any CPU
	EndGlobalSection
	GlobalSection(SolutionProperties) = preSolution
		HideSolutionNode = FALSE
	EndGlobalSection
	GlobalSection(ExtensibilityGlobals) = postSolution
		SolutionGuid = {72B61CE1-5D95-4B15-8556-6A10FB3F7F9B}
	EndGlobalSection
EndGlobal
