
Microsoft Visual Studio Solution File, Format Version 12.00
# Visual Studio Version 17
VisualStudioVersion = 17.5.002.0
MinimumVisualStudioVersion = 10.0.40219.1
Project("{9A19103F-16F7-4668-BE54-9A1E7A4F7556}") = "todo-list-api", "todo-list-api\todo-list-api.csproj", "{E2F79B20-F1DD-428E-A258-94207D465552}"
EndProject
Global
	GlobalSection(SolutionConfigurationPlatforms) = preSolution
		Debug|Any CPU = Debug|Any CPU
		Release|Any CPU = Release|Any CPU
	EndGlobalSection
	GlobalSection(ProjectConfigurationPlatforms) = postSolution
		{E2F79B20-F1DD-428E-A258-94207D465552}.Debug|Any CPU.ActiveCfg = Debug|Any CPU
		{E2F79B20-F1DD-428E-A258-94207D465552}.Debug|Any CPU.Build.0 = Debug|Any CPU
		{E2F79B20-F1DD-428E-A258-94207D465552}.Release|Any CPU.ActiveCfg = Release|Any CPU
		{E2F79B20-F1DD-428E-A258-94207D465552}.Release|Any CPU.Build.0 = Release|Any CPU
	EndGlobalSection
	GlobalSection(SolutionProperties) = preSolution
		HideSolutionNode = FALSE
	EndGlobalSection
	GlobalSection(ExtensibilityGlobals) = postSolution
		SolutionGuid = {3721C954-AD3F-46B5-87FC-6A26169F6F87}
	EndGlobalSection
EndGlobal
